
Microsoft Visual Studio Solution File, Format Version 12.00
# Visual Studio Version 17
VisualStudioVersion = 17.8.34316.72
MinimumVisualStudioVersion = 10.0.40219.1
Project("{FAE04EC0-301F-11D3-BF4B-00C04F79EFBC}") = "PocketBeasts", "PocketBeasts\PocketBeasts.csproj", "{CA48FB51-1728-4EEC-869E-A4839CB919E6}"
EndProject
Project("{FAE04EC0-301F-11D3-BF4B-00C04F79EFBC}") = "TestPocketBeasts", "TestPocketBeasts\TestPocketBeasts.csproj", "{1D0FC1E5-E9E3-4268-BF82-A2129DDA5E63}"
EndProject
Global
	GlobalSection(SolutionConfigurationPlatforms) = preSolution
		Debug|Any CPU = Debug|Any CPU
		Release|Any CPU = Release|Any CPU
	EndGlobalSection
	GlobalSection(ProjectConfigurationPlatforms) = postSolution
		{CA48FB51-1728-4EEC-869E-A4839CB919E6}.Debug|Any CPU.ActiveCfg = Debug|Any CPU
		{CA48FB51-1728-4EEC-869E-A4839CB919E6}.Debug|Any CPU.Build.0 = Debug|Any CPU
		{CA48FB51-1728-4EEC-869E-A4839CB919E6}.Release|Any CPU.ActiveCfg = Release|Any CPU
		{CA48FB51-1728-4EEC-869E-A4839CB919E6}.Release|Any CPU.Build.0 = Release|Any CPU
		{1D0FC1E5-E9E3-4268-BF82-A2129DDA5E63}.Debug|Any CPU.ActiveCfg = Debug|Any CPU
		{1D0FC1E5-E9E3-4268-BF82-A2129DDA5E63}.Debug|Any CPU.Build.0 = Debug|Any CPU
		{1D0FC1E5-E9E3-4268-BF82-A2129DDA5E63}.Release|Any CPU.ActiveCfg = Release|Any CPU
		{1D0FC1E5-E9E3-4268-BF82-A2129DDA5E63}.Release|Any CPU.Build.0 = Release|Any CPU
	EndGlobalSection
	GlobalSection(SolutionProperties) = preSolution
		HideSolutionNode = FALSE
	EndGlobalSection
	GlobalSection(ExtensibilityGlobals) = postSolution
		SolutionGuid = {75C0D89D-8C45-432A-8495-8E54F3DC129F}
	EndGlobalSection
EndGlobal
